// !$*UTF8*$!
{
	archiveVersion = 1;
	classes = {
	};
	objectVersion = 56;
	objects = {

/* Begin PBXBuildFile section */
		30CDEAB52A70376000381CE8 /* Wellspend_APPApp.swift in Sources */ = {isa = PBXBuildFile; fileRef = 30CDEAB42A70376000381CE8 /* Wellspend_APPApp.swift */; };
		30CDEAB92A70376100381CE8 /* Assets.xcassets in Resources */ = {isa = PBXBuildFile; fileRef = 30CDEAB82A70376100381CE8 /* Assets.xcassets */; };
		30CDEABD2A70376100381CE8 /* Preview Assets.xcassets in Resources */ = {isa = PBXBuildFile; fileRef = 30CDEABC2A70376100381CE8 /* Preview Assets.xcassets */; };
		30CDEAC52A70380E00381CE8 /* Dashboard.swift in Sources */ = {isa = PBXBuildFile; fileRef = 30CDEAC42A70380E00381CE8 /* Dashboard.swift */; };
		30CDEAC72A703AC200381CE8 /* MoneyGroupingCard.swift in Sources */ = {isa = PBXBuildFile; fileRef = 30CDEAC62A703AC200381CE8 /* MoneyGroupingCard.swift */; };
		30CDEACA2A703B3D00381CE8 /* GroupingDataModel.swift in Sources */ = {isa = PBXBuildFile; fileRef = 30CDEAC92A703B3D00381CE8 /* GroupingDataModel.swift */; };
		30CDEACC2A81558000381CE8 /* TransactionRowView.swift in Sources */ = {isa = PBXBuildFile; fileRef = 30CDEACB2A81558000381CE8 /* TransactionRowView.swift */; };
		30CDEACE2A8155B000381CE8 /* Transaction.swift in Sources */ = {isa = PBXBuildFile; fileRef = 30CDEACD2A8155B000381CE8 /* Transaction.swift */; };
		30CDEAD02A853DAC00381CE8 /* TransactionListView.swift in Sources */ = {isa = PBXBuildFile; fileRef = 30CDEACF2A853DAC00381CE8 /* TransactionListView.swift */; };
		30CDEAD22A853E3A00381CE8 /* FakeData.swift in Sources */ = {isa = PBXBuildFile; fileRef = 30CDEAD12A853E3A00381CE8 /* FakeData.swift */; };
		30CDEAD42A85406100381CE8 /* TransactionDetailView.swift in Sources */ = {isa = PBXBuildFile; fileRef = 30CDEAD32A85406100381CE8 /* TransactionDetailView.swift */; };
		30CDEAD72A8542D700381CE8 /* displayFunctions.swift in Sources */ = {isa = PBXBuildFile; fileRef = 30CDEAD62A8542D700381CE8 /* displayFunctions.swift */; };
		30CDEAD92A8663A500381CE8 /* EditTransactionView.swift in Sources */ = {isa = PBXBuildFile; fileRef = 30CDEAD82A8663A500381CE8 /* EditTransactionView.swift */; };
		30CDEADD2A8923CA00381CE8 /* NewTransactionSheet.swift in Sources */ = {isa = PBXBuildFile; fileRef = 30CDEADC2A8923CA00381CE8 /* NewTransactionSheet.swift */; };
		30CDEADF2A893C7800381CE8 /* TransactionStore.swift in Sources */ = {isa = PBXBuildFile; fileRef = 30CDEADE2A893C7800381CE8 /* TransactionStore.swift */; };
/* End PBXBuildFile section */

/* Begin PBXFileReference section */
		30CDEAB12A70376000381CE8 /* Wellspend APP.app */ = {isa = PBXFileReference; explicitFileType = wrapper.application; includeInIndex = 0; path = "Wellspend APP.app"; sourceTree = BUILT_PRODUCTS_DIR; };
		30CDEAB42A70376000381CE8 /* Wellspend_APPApp.swift */ = {isa = PBXFileReference; lastKnownFileType = sourcecode.swift; path = Wellspend_APPApp.swift; sourceTree = "<group>"; };
		30CDEAB82A70376100381CE8 /* Assets.xcassets */ = {isa = PBXFileReference; lastKnownFileType = folder.assetcatalog; path = Assets.xcassets; sourceTree = "<group>"; };
		30CDEABA2A70376100381CE8 /* Wellspend_APP.entitlements */ = {isa = PBXFileReference; lastKnownFileType = text.plist.entitlements; path = Wellspend_APP.entitlements; sourceTree = "<group>"; };
		30CDEABC2A70376100381CE8 /* Preview Assets.xcassets */ = {isa = PBXFileReference; lastKnownFileType = folder.assetcatalog; path = "Preview Assets.xcassets"; sourceTree = "<group>"; };
		30CDEAC42A70380E00381CE8 /* Dashboard.swift */ = {isa = PBXFileReference; lastKnownFileType = sourcecode.swift; path = Dashboard.swift; sourceTree = "<group>"; };
		30CDEAC62A703AC200381CE8 /* MoneyGroupingCard.swift */ = {isa = PBXFileReference; lastKnownFileType = sourcecode.swift; path = MoneyGroupingCard.swift; sourceTree = "<group>"; };
		30CDEAC92A703B3D00381CE8 /* GroupingDataModel.swift */ = {isa = PBXFileReference; lastKnownFileType = sourcecode.swift; path = GroupingDataModel.swift; sourceTree = "<group>"; };
		30CDEACB2A81558000381CE8 /* TransactionRowView.swift */ = {isa = PBXFileReference; lastKnownFileType = sourcecode.swift; path = TransactionRowView.swift; sourceTree = "<group>"; };
		30CDEACD2A8155B000381CE8 /* Transaction.swift */ = {isa = PBXFileReference; lastKnownFileType = sourcecode.swift; path = Transaction.swift; sourceTree = "<group>"; };
		30CDEACF2A853DAC00381CE8 /* TransactionListView.swift */ = {isa = PBXFileReference; lastKnownFileType = sourcecode.swift; path = TransactionListView.swift; sourceTree = "<group>"; };
		30CDEAD12A853E3A00381CE8 /* FakeData.swift */ = {isa = PBXFileReference; lastKnownFileType = sourcecode.swift; path = FakeData.swift; sourceTree = "<group>"; };
		30CDEAD32A85406100381CE8 /* TransactionDetailView.swift */ = {isa = PBXFileReference; lastKnownFileType = sourcecode.swift; path = TransactionDetailView.swift; sourceTree = "<group>"; };
		30CDEAD62A8542D700381CE8 /* displayFunctions.swift */ = {isa = PBXFileReference; lastKnownFileType = sourcecode.swift; path = displayFunctions.swift; sourceTree = "<group>"; };
		30CDEAD82A8663A500381CE8 /* EditTransactionView.swift */ = {isa = PBXFileReference; lastKnownFileType = sourcecode.swift; path = EditTransactionView.swift; sourceTree = "<group>"; };
		30CDEADC2A8923CA00381CE8 /* NewTransactionSheet.swift */ = {isa = PBXFileReference; lastKnownFileType = sourcecode.swift; path = NewTransactionSheet.swift; sourceTree = "<group>"; };
		30CDEADE2A893C7800381CE8 /* TransactionStore.swift */ = {isa = PBXFileReference; lastKnownFileType = sourcecode.swift; path = TransactionStore.swift; sourceTree = "<group>"; };
/* End PBXFileReference section */

/* Begin PBXFrameworksBuildPhase section */
		30CDEAAE2A70376000381CE8 /* Frameworks */ = {
			isa = PBXFrameworksBuildPhase;
			buildActionMask = 2147483647;
			files = (
			);
			runOnlyForDeploymentPostprocessing = 0;
		};
/* End PBXFrameworksBuildPhase section */

/* Begin PBXGroup section */
		30CDEAA82A70376000381CE8 = {
			isa = PBXGroup;
			children = (
				30CDEAB32A70376000381CE8 /* Wellspend APP */,
				30CDEAB22A70376000381CE8 /* Products */,
			);
			sourceTree = "<group>";
		};
		30CDEAB22A70376000381CE8 /* Products */ = {
			isa = PBXGroup;
			children = (
				30CDEAB12A70376000381CE8 /* Wellspend APP.app */,
			);
			name = Products;
			sourceTree = "<group>";
		};
		30CDEAB32A70376000381CE8 /* Wellspend APP */ = {
			isa = PBXGroup;
			children = (
				30CDEAD52A8542C100381CE8 /* utils */,
				30CDEAC82A703B2D00381CE8 /* model */,
				30CDEAC32A70380300381CE8 /* Views */,
				30CDEAB42A70376000381CE8 /* Wellspend_APPApp.swift */,
				30CDEAB82A70376100381CE8 /* Assets.xcassets */,
				30CDEABA2A70376100381CE8 /* Wellspend_APP.entitlements */,
				30CDEABB2A70376100381CE8 /* Preview Content */,
			);
			path = "Wellspend APP";
			sourceTree = "<group>";
		};
		30CDEABB2A70376100381CE8 /* Preview Content */ = {
			isa = PBXGroup;
			children = (
				30CDEABC2A70376100381CE8 /* Preview Assets.xcassets */,
			);
			path = "Preview Content";
			sourceTree = "<group>";
		};
		30CDEAC32A70380300381CE8 /* Views */ = {
			isa = PBXGroup;
			children = (
				30CDEAC42A70380E00381CE8 /* Dashboard.swift */,
				30CDEAC62A703AC200381CE8 /* MoneyGroupingCard.swift */,
				30CDEACB2A81558000381CE8 /* TransactionRowView.swift */,
				30CDEACF2A853DAC00381CE8 /* TransactionListView.swift */,
				30CDEAD32A85406100381CE8 /* TransactionDetailView.swift */,
				30CDEAD82A8663A500381CE8 /* EditTransactionView.swift */,
				30CDEADC2A8923CA00381CE8 /* NewTransactionSheet.swift */,
			);
			path = Views;
			sourceTree = "<group>";
		};
		30CDEAC82A703B2D00381CE8 /* model */ = {
			isa = PBXGroup;
			children = (
				30CDEAC92A703B3D00381CE8 /* GroupingDataModel.swift */,
				30CDEACD2A8155B000381CE8 /* Transaction.swift */,
				30CDEADE2A893C7800381CE8 /* TransactionStore.swift */,
			);
			path = model;
			sourceTree = "<group>";
		};
		30CDEAD52A8542C100381CE8 /* utils */ = {
			isa = PBXGroup;
			children = (
				30CDEAD12A853E3A00381CE8 /* FakeData.swift */,
				30CDEAD62A8542D700381CE8 /* displayFunctions.swift */,
			);
			path = utils;
			sourceTree = "<group>";
		};
/* End PBXGroup section */

/* Begin PBXNativeTarget section */
		30CDEAB02A70376000381CE8 /* Wellspend APP */ = {
			isa = PBXNativeTarget;
			buildConfigurationList = 30CDEAC02A70376100381CE8 /* Build configuration list for PBXNativeTarget "Wellspend APP" */;
			buildPhases = (
				30CDEAAD2A70376000381CE8 /* Sources */,
				30CDEAAE2A70376000381CE8 /* Frameworks */,
				30CDEAAF2A70376000381CE8 /* Resources */,
			);
			buildRules = (
			);
			dependencies = (
			);
			name = "Wellspend APP";
			productName = "Wellspend APP";
			productReference = 30CDEAB12A70376000381CE8 /* Wellspend APP.app */;
			productType = "com.apple.product-type.application";
		};
/* End PBXNativeTarget section */

/* Begin PBXProject section */
		30CDEAA92A70376000381CE8 /* Project object */ = {
			isa = PBXProject;
			attributes = {
				BuildIndependentTargetsInParallel = 1;
				LastSwiftUpdateCheck = 1430;
				LastUpgradeCheck = 1430;
				TargetAttributes = {
					30CDEAB02A70376000381CE8 = {
						CreatedOnToolsVersion = 14.3;
					};
				};
			};
			buildConfigurationList = 30CDEAAC2A70376000381CE8 /* Build configuration list for PBXProject "Wellspend APP" */;
			compatibilityVersion = "Xcode 14.0";
			developmentRegion = en;
			hasScannedForEncodings = 0;
			knownRegions = (
				en,
				Base,
			);
			mainGroup = 30CDEAA82A70376000381CE8;
			productRefGroup = 30CDEAB22A70376000381CE8 /* Products */;
			projectDirPath = "";
			projectRoot = "";
			targets = (
				30CDEAB02A70376000381CE8 /* Wellspend APP */,
			);
		};
/* End PBXProject section */

/* Begin PBXResourcesBuildPhase section */
		30CDEAAF2A70376000381CE8 /* Resources */ = {
			isa = PBXResourcesBuildPhase;
			buildActionMask = 2147483647;
			files = (
				30CDEABD2A70376100381CE8 /* Preview Assets.xcassets in Resources */,
				30CDEAB92A70376100381CE8 /* Assets.xcassets in Resources */,
			);
			runOnlyForDeploymentPostprocessing = 0;
		};
/* End PBXResourcesBuildPhase section */

/* Begin PBXSourcesBuildPhase section */
		30CDEAAD2A70376000381CE8 /* Sources */ = {
			isa = PBXSourcesBuildPhase;
			buildActionMask = 2147483647;
			files = (
				30CDEAD22A853E3A00381CE8 /* FakeData.swift in Sources */,
				30CDEACE2A8155B000381CE8 /* Transaction.swift in Sources */,
				30CDEAD72A8542D700381CE8 /* displayFunctions.swift in Sources */,
				30CDEAD02A853DAC00381CE8 /* TransactionListView.swift in Sources */,
				30CDEADF2A893C7800381CE8 /* TransactionStore.swift in Sources */,
				30CDEAD42A85406100381CE8 /* TransactionDetailView.swift in Sources */,
				30CDEACA2A703B3D00381CE8 /* GroupingDataModel.swift in Sources */,
				30CDEACC2A81558000381CE8 /* TransactionRowView.swift in Sources */,
				30CDEAC52A70380E00381CE8 /* Dashboard.swift in Sources */,
				30CDEAB52A70376000381CE8 /* Wellspend_APPApp.swift in Sources */,
				30CDEADD2A8923CA00381CE8 /* NewTransactionSheet.swift in Sources */,
				30CDEAC72A703AC200381CE8 /* MoneyGroupingCard.swift in Sources */,
				30CDEAD92A8663A500381CE8 /* EditTransactionView.swift in Sources */,
			);
			runOnlyForDeploymentPostprocessing = 0;
		};
/* End PBXSourcesBuildPhase section */

/* Begin XCBuildConfiguration section */
		30CDEABE2A70376100381CE8 /* Debug */ = {
			isa = XCBuildConfiguration;
			buildSettings = {
				ALWAYS_SEARCH_USER_PATHS = NO;
				CLANG_ANALYZER_NONNULL = YES;
				CLANG_ANALYZER_NUMBER_OBJECT_CONVERSION = YES_AGGRESSIVE;
				CLANG_CXX_LANGUAGE_STANDARD = "gnu++20";
				CLANG_ENABLE_MODULES = YES;
				CLANG_ENABLE_OBJC_ARC = YES;
				CLANG_ENABLE_OBJC_WEAK = YES;
				CLANG_WARN_BLOCK_CAPTURE_AUTORELEASING = YES;
				CLANG_WARN_BOOL_CONVERSION = YES;
				CLANG_WARN_COMMA = YES;
				CLANG_WARN_CONSTANT_CONVERSION = YES;
				CLANG_WARN_DEPRECATED_OBJC_IMPLEMENTATIONS = YES;
				CLANG_WARN_DIRECT_OBJC_ISA_USAGE = YES_ERROR;
				CLANG_WARN_DOCUMENTATION_COMMENTS = YES;
				CLANG_WARN_EMPTY_BODY = YES;
				CLANG_WARN_ENUM_CONVERSION = YES;
				CLANG_WARN_INFINITE_RECURSION = YES;
				CLANG_WARN_INT_CONVERSION = YES;
				CLANG_WARN_NON_LITERAL_NULL_CONVERSION = YES;
				CLANG_WARN_OBJC_IMPLICIT_RETAIN_SELF = YES;
				CLANG_WARN_OBJC_LITERAL_CONVERSION = YES;
				CLANG_WARN_OBJC_ROOT_CLASS = YES_ERROR;
				CLANG_WARN_QUOTED_INCLUDE_IN_FRAMEWORK_HEADER = YES;
				CLANG_WARN_RANGE_LOOP_ANALYSIS = YES;
				CLANG_WARN_STRICT_PROTOTYPES = YES;
				CLANG_WARN_SUSPICIOUS_MOVE = YES;
				CLANG_WARN_UNGUARDED_AVAILABILITY = YES_AGGRESSIVE;
				CLANG_WARN_UNREACHABLE_CODE = YES;
				CLANG_WARN__DUPLICATE_METHOD_MATCH = YES;
				COPY_PHASE_STRIP = NO;
				DEBUG_INFORMATION_FORMAT = dwarf;
				ENABLE_STRICT_OBJC_MSGSEND = YES;
				ENABLE_TESTABILITY = YES;
				GCC_C_LANGUAGE_STANDARD = gnu11;
				GCC_DYNAMIC_NO_PIC = NO;
				GCC_NO_COMMON_BLOCKS = YES;
				GCC_OPTIMIZATION_LEVEL = 0;
				GCC_PREPROCESSOR_DEFINITIONS = (
					"DEBUG=1",
					"$(inherited)",
				);
				GCC_WARN_64_TO_32_BIT_CONVERSION = YES;
				GCC_WARN_ABOUT_RETURN_TYPE = YES_ERROR;
				GCC_WARN_UNDECLARED_SELECTOR = YES;
				GCC_WARN_UNINITIALIZED_AUTOS = YES_AGGRESSIVE;
				GCC_WARN_UNUSED_FUNCTION = YES;
				GCC_WARN_UNUSED_VARIABLE = YES;
				MTL_ENABLE_DEBUG_INFO = INCLUDE_SOURCE;
				MTL_FAST_MATH = YES;
				ONLY_ACTIVE_ARCH = YES;
				SWIFT_ACTIVE_COMPILATION_CONDITIONS = DEBUG;
				SWIFT_OPTIMIZATION_LEVEL = "-Onone";
			};
			name = Debug;
		};
		30CDEABF2A70376100381CE8 /* Release */ = {
			isa = XCBuildConfiguration;
			buildSettings = {
				ALWAYS_SEARCH_USER_PATHS = NO;
				CLANG_ANALYZER_NONNULL = YES;
				CLANG_ANALYZER_NUMBER_OBJECT_CONVERSION = YES_AGGRESSIVE;
				CLANG_CXX_LANGUAGE_STANDARD = "gnu++20";
				CLANG_ENABLE_MODULES = YES;
				CLANG_ENABLE_OBJC_ARC = YES;
				CLANG_ENABLE_OBJC_WEAK = YES;
				CLANG_WARN_BLOCK_CAPTURE_AUTORELEASING = YES;
				CLANG_WARN_BOOL_CONVERSION = YES;
				CLANG_WARN_COMMA = YES;
				CLANG_WARN_CONSTANT_CONVERSION = YES;
				CLANG_WARN_DEPRECATED_OBJC_IMPLEMENTATIONS = YES;
				CLANG_WARN_DIRECT_OBJC_ISA_USAGE = YES_ERROR;
				CLANG_WARN_DOCUMENTATION_COMMENTS = YES;
				CLANG_WARN_EMPTY_BODY = YES;
				CLANG_WARN_ENUM_CONVERSION = YES;
				CLANG_WARN_INFINITE_RECURSION = YES;
				CLANG_WARN_INT_CONVERSION = YES;
				CLANG_WARN_NON_LITERAL_NULL_CONVERSION = YES;
				CLANG_WARN_OBJC_IMPLICIT_RETAIN_SELF = YES;
				CLANG_WARN_OBJC_LITERAL_CONVERSION = YES;
				CLANG_WARN_OBJC_ROOT_CLASS = YES_ERROR;
				CLANG_WARN_QUOTED_INCLUDE_IN_FRAMEWORK_HEADER = YES;
				CLANG_WARN_RANGE_LOOP_ANALYSIS = YES;
				CLANG_WARN_STRICT_PROTOTYPES = YES;
				CLANG_WARN_SUSPICIOUS_MOVE = YES;
				CLANG_WARN_UNGUARDED_AVAILABILITY = YES_AGGRESSIVE;
				CLANG_WARN_UNREACHABLE_CODE = YES;
				CLANG_WARN__DUPLICATE_METHOD_MATCH = YES;
				COPY_PHASE_STRIP = NO;
				DEBUG_INFORMATION_FORMAT = "dwarf-with-dsym";
				ENABLE_NS_ASSERTIONS = NO;
				ENABLE_STRICT_OBJC_MSGSEND = YES;
				GCC_C_LANGUAGE_STANDARD = gnu11;
				GCC_NO_COMMON_BLOCKS = YES;
				GCC_WARN_64_TO_32_BIT_CONVERSION = YES;
				GCC_WARN_ABOUT_RETURN_TYPE = YES_ERROR;
				GCC_WARN_UNDECLARED_SELECTOR = YES;
				GCC_WARN_UNINITIALIZED_AUTOS = YES_AGGRESSIVE;
				GCC_WARN_UNUSED_FUNCTION = YES;
				GCC_WARN_UNUSED_VARIABLE = YES;
				MTL_ENABLE_DEBUG_INFO = NO;
				MTL_FAST_MATH = YES;
				SWIFT_COMPILATION_MODE = wholemodule;
				SWIFT_OPTIMIZATION_LEVEL = "-O";
			};
			name = Release;
		};
		30CDEAC12A70376100381CE8 /* Debug */ = {
			isa = XCBuildConfiguration;
			buildSettings = {
				ASSETCATALOG_COMPILER_APPICON_NAME = AppIcon;
				ASSETCATALOG_COMPILER_GLOBAL_ACCENT_COLOR_NAME = AccentColor;
				CODE_SIGN_ENTITLEMENTS = "Wellspend APP/Wellspend_APP.entitlements";
				CODE_SIGN_STYLE = Automatic;
				CURRENT_PROJECT_VERSION = 1;
				DEVELOPMENT_ASSET_PATHS = "\"Wellspend APP/Preview Content\"";
				DEVELOPMENT_TEAM = XMB95PADF2;
				ENABLE_HARDENED_RUNTIME = YES;
				ENABLE_PREVIEWS = YES;
				GENERATE_INFOPLIST_FILE = YES;
				INFOPLIST_KEY_CFBundleDisplayName = Wellspend;
				INFOPLIST_KEY_LSApplicationCategoryType = "public.app-category.finance";
				"INFOPLIST_KEY_UIApplicationSceneManifest_Generation[sdk=iphoneos*]" = YES;
				"INFOPLIST_KEY_UIApplicationSceneManifest_Generation[sdk=iphonesimulator*]" = YES;
				"INFOPLIST_KEY_UIApplicationSupportsIndirectInputEvents[sdk=iphoneos*]" = YES;
				"INFOPLIST_KEY_UIApplicationSupportsIndirectInputEvents[sdk=iphonesimulator*]" = YES;
				"INFOPLIST_KEY_UILaunchScreen_Generation[sdk=iphoneos*]" = YES;
				"INFOPLIST_KEY_UILaunchScreen_Generation[sdk=iphonesimulator*]" = YES;
				INFOPLIST_KEY_UIStatusBarStyle = "";
				"INFOPLIST_KEY_UIStatusBarStyle[sdk=iphoneos*]" = UIStatusBarStyleDefault;
				"INFOPLIST_KEY_UIStatusBarStyle[sdk=iphonesimulator*]" = UIStatusBarStyleDefault;
				INFOPLIST_KEY_UISupportedInterfaceOrientations = UIInterfaceOrientationPortrait;
				IPHONEOS_DEPLOYMENT_TARGET = 16.4;
				LD_RUNPATH_SEARCH_PATHS = "@executable_path/Frameworks";
				"LD_RUNPATH_SEARCH_PATHS[sdk=macosx*]" = "@executable_path/../Frameworks";
				MACOSX_DEPLOYMENT_TARGET = 13.3;
				MARKETING_VERSION = 1.0;
				PRODUCT_BUNDLE_IDENTIFIER = "com.dennisdevlops.Wellspend-APP";
				PRODUCT_NAME = "$(TARGET_NAME)";
				SDKROOT = auto;
				SUPPORTED_PLATFORMS = "iphoneos iphonesimulator macosx";
				SWIFT_EMIT_LOC_STRINGS = YES;
				SWIFT_VERSION = 5.0;
				TARGETED_DEVICE_FAMILY = "1,2";
			};
			name = Debug;
		};
		30CDEAC22A70376100381CE8 /* Release */ = {
			isa = XCBuildConfiguration;
			buildSettings = {
				ASSETCATALOG_COMPILER_APPICON_NAME = AppIcon;
				ASSETCATALOG_COMPILER_GLOBAL_ACCENT_COLOR_NAME = AccentColor;
				CODE_SIGN_ENTITLEMENTS = "Wellspend APP/Wellspend_APP.entitlements";
				CODE_SIGN_STYLE = Automatic;
				CURRENT_PROJECT_VERSION = 1;
				DEVELOPMENT_ASSET_PATHS = "\"Wellspend APP/Preview Content\"";
				DEVELOPMENT_TEAM = XMB95PADF2;
				ENABLE_HARDENED_RUNTIME = YES;
				ENABLE_PREVIEWS = YES;
				GENERATE_INFOPLIST_FILE = YES;
				INFOPLIST_KEY_CFBundleDisplayName = Wellspend;
				INFOPLIST_KEY_LSApplicationCategoryType = "public.app-category.finance";
				"INFOPLIST_KEY_UIApplicationSceneManifest_Generation[sdk=iphoneos*]" = YES;
				"INFOPLIST_KEY_UIApplicationSceneManifest_Generation[sdk=iphonesimulator*]" = YES;
				"INFOPLIST_KEY_UIApplicationSupportsIndirectInputEvents[sdk=iphoneos*]" = YES;
				"INFOPLIST_KEY_UIApplicationSupportsIndirectInputEvents[sdk=iphonesimulator*]" = YES;
				"INFOPLIST_KEY_UILaunchScreen_Generation[sdk=iphoneos*]" = YES;
				"INFOPLIST_KEY_UILaunchScreen_Generation[sdk=iphonesimulator*]" = YES;
				INFOPLIST_KEY_UIStatusBarStyle = "";
				"INFOPLIST_KEY_UIStatusBarStyle[sdk=iphoneos*]" = UIStatusBarStyleDefault;
				"INFOPLIST_KEY_UIStatusBarStyle[sdk=iphonesimulator*]" = UIStatusBarStyleDefault;
				INFOPLIST_KEY_UISupportedInterfaceOrientations = UIInterfaceOrientationPortrait;
				IPHONEOS_DEPLOYMENT_TARGET = 16.4;
				LD_RUNPATH_SEARCH_PATHS = "@executable_path/Frameworks";
				"LD_RUNPATH_SEARCH_PATHS[sdk=macosx*]" = "@executable_path/../Frameworks";
				MACOSX_DEPLOYMENT_TARGET = 13.3;
				MARKETING_VERSION = 1.0;
				PRODUCT_BUNDLE_IDENTIFIER = "com.dennisdevlops.Wellspend-APP";
				PRODUCT_NAME = "$(TARGET_NAME)";
				SDKROOT = auto;
				SUPPORTED_PLATFORMS = "iphoneos iphonesimulator macosx";
				SWIFT_EMIT_LOC_STRINGS = YES;
				SWIFT_VERSION = 5.0;
				TARGETED_DEVICE_FAMILY = "1,2";
			};
			name = Release;
		};
/* End XCBuildConfiguration section */

/* Begin XCConfigurationList section */
		30CDEAAC2A70376000381CE8 /* Build configuration list for PBXProject "Wellspend APP" */ = {
			isa = XCConfigurationList;
			buildConfigurations = (
				30CDEABE2A70376100381CE8 /* Debug */,
				30CDEABF2A70376100381CE8 /* Release */,
			);
			defaultConfigurationIsVisible = 0;
			defaultConfigurationName = Release;
		};
		30CDEAC02A70376100381CE8 /* Build configuration list for PBXNativeTarget "Wellspend APP" */ = {
			isa = XCConfigurationList;
			buildConfigurations = (
				30CDEAC12A70376100381CE8 /* Debug */,
				30CDEAC22A70376100381CE8 /* Release */,
			);
			defaultConfigurationIsVisible = 0;
			defaultConfigurationName = Release;
		};
/* End XCConfigurationList section */
	};
	rootObject = 30CDEAA92A70376000381CE8 /* Project object */;
}
